
Microsoft Visual Studio Solution File, Format Version 12.00
# Visual Studio 15
VisualStudioVersion = 15.0.27004.2009
MinimumVisualStudioVersion = 10.0.40219.1
Project("{8BC9CEB8-8B4A-11D0-8D11-00A0C91BC942}") = "tmplate_base", "tmplate_base\tmplate_base.vcxproj", "{331F98B3-EA5B-4F89-AC7A-099CFFD2A188}"
EndProject
Project("{8BC9CEB8-8B4A-11D0-8D11-00A0C91BC942}") = "non_template_parameters", "non_template_parameters\non_template_parameters.vcxproj", "{3AF9B88D-0537-44D9-8238-40E083CFF693}"
EndProject
Project("{8BC9CEB8-8B4A-11D0-8D11-00A0C91BC942}") = "member_template", "member_template\member_template.vcxproj", "{03A7141A-BFD5-4AA6-A010-D00A97DBFBAA}"
EndProject
Project("{8BC9CEB8-8B4A-11D0-8D11-00A0C91BC942}") = "sfinae", "sfinae\sfinae.vcxproj", "{9C57DA82-A16E-4B07-8E3F-7A34C1A66F6E}"
EndProject
Global
	GlobalSection(SolutionConfigurationPlatforms) = preSolution
		Debug|x64 = Debug|x64
		Debug|x86 = Debug|x86
		Release|x64 = Release|x64
		Release|x86 = Release|x86
	EndGlobalSection
	GlobalSection(ProjectConfigurationPlatforms) = postSolution
		{331F98B3-EA5B-4F89-AC7A-099CFFD2A188}.Debug|x64.ActiveCfg = Debug|x64
		{331F98B3-EA5B-4F89-AC7A-099CFFD2A188}.Debug|x64.Build.0 = Debug|x64
		{331F98B3-EA5B-4F89-AC7A-099CFFD2A188}.Debug|x86.ActiveCfg = Debug|Win32
		{331F98B3-EA5B-4F89-AC7A-099CFFD2A188}.Debug|x86.Build.0 = Debug|Win32
		{331F98B3-EA5B-4F89-AC7A-099CFFD2A188}.Release|x64.ActiveCfg = Release|x64
		{331F98B3-EA5B-4F89-AC7A-099CFFD2A188}.Release|x64.Build.0 = Release|x64
		{331F98B3-EA5B-4F89-AC7A-099CFFD2A188}.Release|x86.ActiveCfg = Release|Win32
		{331F98B3-EA5B-4F89-AC7A-099CFFD2A188}.Release|x86.Build.0 = Release|Win32
		{3AF9B88D-0537-44D9-8238-40E083CFF693}.Debug|x64.ActiveCfg = Debug|x64
		{3AF9B88D-0537-44D9-8238-40E083CFF693}.Debug|x64.Build.0 = Debug|x64
		{3AF9B88D-0537-44D9-8238-40E083CFF693}.Debug|x86.ActiveCfg = Debug|Win32
		{3AF9B88D-0537-44D9-8238-40E083CFF693}.Debug|x86.Build.0 = Debug|Win32
		{3AF9B88D-0537-44D9-8238-40E083CFF693}.Release|x64.ActiveCfg = Release|x64
		{3AF9B88D-0537-44D9-8238-40E083CFF693}.Release|x64.Build.0 = Release|x64
		{3AF9B88D-0537-44D9-8238-40E083CFF693}.Release|x86.ActiveCfg = Release|Win32
		{3AF9B88D-0537-44D9-8238-40E083CFF693}.Release|x86.Build.0 = Release|Win32
		{03A7141A-BFD5-4AA6-A010-D00A97DBFBAA}.Debug|x64.ActiveCfg = Debug|x64
		{03A7141A-BFD5-4AA6-A010-D00A97DBFBAA}.Debug|x64.Build.0 = Debug|x64
		{03A7141A-BFD5-4AA6-A010-D00A97DBFBAA}.Debug|x86.ActiveCfg = Debug|Win32
		{03A7141A-BFD5-4AA6-A010-D00A97DBFBAA}.Debug|x86.Build.0 = Debug|Win32
		{03A7141A-BFD5-4AA6-A010-D00A97DBFBAA}.Release|x64.ActiveCfg = Release|x64
		{03A7141A-BFD5-4AA6-A010-D00A97DBFBAA}.Release|x64.Build.0 = Release|x64
		{03A7141A-BFD5-4AA6-A010-D00A97DBFBAA}.Release|x86.ActiveCfg = Release|Win32
		{03A7141A-BFD5-4AA6-A010-D00A97DBFBAA}.Release|x86.Build.0 = Release|Win32
		{9C57DA82-A16E-4B07-8E3F-7A34C1A66F6E}.Debug|x64.ActiveCfg = Debug|x64
		{9C57DA82-A16E-4B07-8E3F-7A34C1A66F6E}.Debug|x64.Build.0 = Debug|x64
		{9C57DA82-A16E-4B07-8E3F-7A34C1A66F6E}.Debug|x86.ActiveCfg = Debug|Win32
		{9C57DA82-A16E-4B07-8E3F-7A34C1A66F6E}.Debug|x86.Build.0 = Debug|Win32
		{9C57DA82-A16E-4B07-8E3F-7A34C1A66F6E}.Release|x64.ActiveCfg = Release|x64
		{9C57DA82-A16E-4B07-8E3F-7A34C1A66F6E}.Release|x64.Build.0 = Release|x64
		{9C57DA82-A16E-4B07-8E3F-7A34C1A66F6E}.Release|x86.ActiveCfg = Release|Win32
		{9C57DA82-A16E-4B07-8E3F-7A34C1A66F6E}.Release|x86.Build.0 = Release|Win32
	EndGlobalSection
	GlobalSection(SolutionProperties) = preSolution
		HideSolutionNode = FALSE
	EndGlobalSection
	GlobalSection(ExtensibilityGlobals) = postSolution
		SolutionGuid = {DB53B9D9-0B3C-4029-B150-ABFA441648FD}
	EndGlobalSection
EndGlobal
