<?xml version="1.0" encoding="utf-8"?>
<Project ToolsVersion="4.0" xmlns="http://schemas.microsoft.com/developer/msbuild/2003">
  <ItemGroup>
    <Filter Include="源文件">
      <UniqueIdentifier>{4FC737F1-C7A5-4376-A066-2A32D752A2FF}</UniqueIdentifier>
      <Extensions>cpp;c;cc;cxx;def;odl;idl;hpj;bat;asm;asmx</Extensions>
    </Filter>
    <Filter Include="头文件">
      <UniqueIdentifier>{93995380-89BD-4b04-88EB-625FBE52EBFB}</UniqueIdentifier>
      <Extensions>h;hh;hpp;hxx;hm;inl;inc;xsd</Extensions>
    </Filter>
    <Filter Include="资源文件">
      <UniqueIdentifier>{67DA6AB6-F800-4c08-8B7A-83BB121AAD01}</UniqueIdentifier>
      <Extensions>rc;ico;cur;bmp;dlg;rc2;rct;bin;rgs;gif;jpg;jpeg;jpe;resx;tiff;tif;png;wav;mfcribbon-ms</Extensions>
    </Filter>
    <Filter Include="tetris">
      <UniqueIdentifier>{a21b36c1-29f8-4397-9566-08f887686fd4}</UniqueIdentifier>
    </Filter>
    <Filter Include="common">
      <UniqueIdentifier>{8d62a825-c509-4e00-b49c-639d8ee1f196}</UniqueIdentifier>
    </Filter>
  </ItemGroup>
  <ItemGroup>
    <ClInclude Include="stdafx.h">
      <Filter>头文件</Filter>
    </ClInclude>
    <ClInclude Include="targetver.h">
      <Filter>头文件</Filter>
    </ClInclude>
    <ClInclude Include="resource.h">
      <Filter>头文件</Filter>
    </ClInclude>
    <ClInclude Include="autotetris.h">
      <Filter>头文件</Filter>
    </ClInclude>
    <ClInclude Include="tetris\Score.h">
      <Filter>tetris</Filter>
    </ClInclude>
    <ClInclude Include="tetris\tetri_type.h">
      <Filter>tetris</Filter>
    </ClInclude>
    <ClInclude Include="tetris\RectPosition.h">
      <Filter>tetris</Filter>
    </ClInclude>
    <ClInclude Include="tetris\Tetris.h">
      <Filter>tetris</Filter>
    </ClInclude>
    <ClInclude Include="tetris\Grid.h">
      <Filter>tetris</Filter>
    </ClInclude>
    <ClInclude Include="tetris\GridPosition.h">
      <Filter>tetris</Filter>
    </ClInclude>
    <ClInclude Include="common\Timer.h">
      <Filter>common</Filter>
    </ClInclude>
    <ClInclude Include="tetris\TetrisManage.h">
      <Filter>tetris</Filter>
    </ClInclude>
    <ClInclude Include="tetris\TetrtiAI.h">
      <Filter>tetris</Filter>
    </ClInclude>
  </ItemGroup>
  <ItemGroup>
    <ClCompile Include="stdafx.cpp">
      <Filter>源文件</Filter>
    </ClCompile>
    <ClCompile Include="autotetris.cpp">
      <Filter>源文件</Filter>
    </ClCompile>
    <ClCompile Include="tetris\Score.cpp">
      <Filter>tetris</Filter>
    </ClCompile>
    <ClCompile Include="tetris\Tetris.cpp">
      <Filter>tetris</Filter>
    </ClCompile>
    <ClCompile Include="tetris\Grid.cpp">
      <Filter>tetris</Filter>
    </ClCompile>
    <ClCompile Include="tetris\GridPosition.cpp">
      <Filter>tetris</Filter>
    </ClCompile>
    <ClCompile Include="tetris\RectPosition.cpp">
      <Filter>tetris</Filter>
    </ClCompile>
    <ClCompile Include="common\Timer.cpp">
      <Filter>common</Filter>
    </ClCompile>
    <ClCompile Include="tetris\TetrisManage.cpp">
      <Filter>tetris</Filter>
    </ClCompile>
    <ClCompile Include="tetris\TetrtiAI.cpp">
      <Filter>tetris</Filter>
    </ClCompile>
  </ItemGroup>
  <ItemGroup>
    <ResourceCompile Include="autotetris.rc">
      <Filter>资源文件</Filter>
    </ResourceCompile>
  </ItemGroup>
  <ItemGroup>
    <Image Include="small.ico">
      <Filter>资源文件</Filter>
    </Image>
    <Image Include="autotetris.ico">
      <Filter>资源文件</Filter>
    </Image>
  </ItemGroup>
</Project>